// !$*UTF8*$!
{
	archiveVersion = 1;
	classes = {
	};
	objectVersion = 46;
	objects = {

/* Begin PBXBuildFile section */
		1C8102C31B6A8BD900AC87B3 /* ViewController.xib in Resources */ = {isa = PBXBuildFile; fileRef = 1C8102C21B6A8BD900AC87B3 /* ViewController.xib */; };
		1C8102CA1B6A998500AC87B3 /* PARTagPickerViewController.m in Sources */ = {isa = PBXBuildFile; fileRef = 1C8102C81B6A998500AC87B3 /* PARTagPickerViewController.m */; };
		1C8102CB1B6A998500AC87B3 /* PARTagPickerViewController.xib in Resources */ = {isa = PBXBuildFile; fileRef = 1C8102C91B6A998500AC87B3 /* PARTagPickerViewController.xib */; };
		1C8102D41B6A999C00AC87B3 /* PARBackspaceTextField.m in Sources */ = {isa = PBXBuildFile; fileRef = 1C8102CD1B6A999C00AC87B3 /* PARBackspaceTextField.m */; };
		1C8102D51B6A999C00AC87B3 /* PARTagCollectionViewCell.m in Sources */ = {isa = PBXBuildFile; fileRef = 1C8102CF1B6A999C00AC87B3 /* PARTagCollectionViewCell.m */; };
		1C8102D61B6A999C00AC87B3 /* PARTagCollectionViewCell.xib in Resources */ = {isa = PBXBuildFile; fileRef = 1C8102D01B6A999C00AC87B3 /* PARTagCollectionViewCell.xib */; };
		1C8102D71B6A999C00AC87B3 /* PARTextFieldCollectionViewCell.m in Sources */ = {isa = PBXBuildFile; fileRef = 1C8102D21B6A999C00AC87B3 /* PARTextFieldCollectionViewCell.m */; };
		1C8102D81B6A999C00AC87B3 /* PARTextFieldCollectionViewCell.xib in Resources */ = {isa = PBXBuildFile; fileRef = 1C8102D31B6A999C00AC87B3 /* PARTextFieldCollectionViewCell.xib */; };
		1C8102DB1B6A99AA00AC87B3 /* PARTagColorReference.m in Sources */ = {isa = PBXBuildFile; fileRef = 1C8102DA1B6A99AA00AC87B3 /* PARTagColorReference.m */; };
		1C8102E01B6A99B700AC87B3 /* NSString+PARStrings.m in Sources */ = {isa = PBXBuildFile; fileRef = 1C8102DD1B6A99B700AC87B3 /* NSString+PARStrings.m */; };
		1C8102E11B6A99B700AC87B3 /* UIView+NibInitable.m in Sources */ = {isa = PBXBuildFile; fileRef = 1C8102DF1B6A99B700AC87B3 /* UIView+NibInitable.m */; };
		1CF87EEF1B5EED0E0007165E /* main.m in Sources */ = {isa = PBXBuildFile; fileRef = 1CF87EEE1B5EED0E0007165E /* main.m */; };
		1CF87EF21B5EED0E0007165E /* AppDelegate.m in Sources */ = {isa = PBXBuildFile; fileRef = 1CF87EF11B5EED0E0007165E /* AppDelegate.m */; };
		1CF87EF51B5EED0E0007165E /* ViewController.m in Sources */ = {isa = PBXBuildFile; fileRef = 1CF87EF41B5EED0E0007165E /* ViewController.m */; };
		1CF87EFA1B5EED0E0007165E /* Images.xcassets in Resources */ = {isa = PBXBuildFile; fileRef = 1CF87EF91B5EED0E0007165E /* Images.xcassets */; };
		1CF87EFD1B5EED0E0007165E /* LaunchScreen.xib in Resources */ = {isa = PBXBuildFile; fileRef = 1CF87EFB1B5EED0E0007165E /* LaunchScreen.xib */; };
		1CF87F091B5EED0E0007165E /* PARTagPickerTests.m in Sources */ = {isa = PBXBuildFile; fileRef = 1CF87F081B5EED0E0007165E /* PARTagPickerTests.m */; };
/* End PBXBuildFile section */

/* Begin PBXContainerItemProxy section */
		1CF87F031B5EED0E0007165E /* PBXContainerItemProxy */ = {
			isa = PBXContainerItemProxy;
			containerPortal = 1CF87EE11B5EED0E0007165E /* Project object */;
			proxyType = 1;
			remoteGlobalIDString = 1CF87EE81B5EED0E0007165E;
			remoteInfo = PARTagPicker;
		};
/* End PBXContainerItemProxy section */

/* Begin PBXFileReference section */
		1C8102C21B6A8BD900AC87B3 /* ViewController.xib */ = {isa = PBXFileReference; fileEncoding = 4; lastKnownFileType = file.xib; path = ViewController.xib; sourceTree = "<group>"; };
		1C8102C71B6A998500AC87B3 /* PARTagPickerViewController.h */ = {isa = PBXFileReference; fileEncoding = 4; lastKnownFileType = sourcecode.c.h; name = PARTagPickerViewController.h; path = Classes/PARTagPickerViewController.h; sourceTree = "<group>"; };
		1C8102C81B6A998500AC87B3 /* PARTagPickerViewController.m */ = {isa = PBXFileReference; fileEncoding = 4; lastKnownFileType = sourcecode.c.objc; name = PARTagPickerViewController.m; path = Classes/PARTagPickerViewController.m; sourceTree = "<group>"; };
		1C8102C91B6A998500AC87B3 /* PARTagPickerViewController.xib */ = {isa = PBXFileReference; fileEncoding = 4; lastKnownFileType = file.xib; name = PARTagPickerViewController.xib; path = Classes/PARTagPickerViewController.xib; sourceTree = "<group>"; };
		1C8102CC1B6A999C00AC87B3 /* PARBackspaceTextField.h */ = {isa = PBXFileReference; fileEncoding = 4; lastKnownFileType = sourcecode.c.h; name = PARBackspaceTextField.h; path = Classes/PARBackspaceTextField.h; sourceTree = "<group>"; };
		1C8102CD1B6A999C00AC87B3 /* PARBackspaceTextField.m */ = {isa = PBXFileReference; fileEncoding = 4; lastKnownFileType = sourcecode.c.objc; name = PARBackspaceTextField.m; path = Classes/PARBackspaceTextField.m; sourceTree = "<group>"; };
		1C8102CE1B6A999C00AC87B3 /* PARTagCollectionViewCell.h */ = {isa = PBXFileReference; fileEncoding = 4; lastKnownFileType = sourcecode.c.h; name = PARTagCollectionViewCell.h; path = Classes/PARTagCollectionViewCell.h; sourceTree = "<group>"; };
		1C8102CF1B6A999C00AC87B3 /* PARTagCollectionViewCell.m */ = {isa = PBXFileReference; fileEncoding = 4; lastKnownFileType = sourcecode.c.objc; name = PARTagCollectionViewCell.m; path = Classes/PARTagCollectionViewCell.m; sourceTree = "<group>"; };
		1C8102D01B6A999C00AC87B3 /* PARTagCollectionViewCell.xib */ = {isa = PBXFileReference; fileEncoding = 4; lastKnownFileType = file.xib; name = PARTagCollectionViewCell.xib; path = Classes/PARTagCollectionViewCell.xib; sourceTree = "<group>"; };
		1C8102D11B6A999C00AC87B3 /* PARTextFieldCollectionViewCell.h */ = {isa = PBXFileReference; fileEncoding = 4; lastKnownFileType = sourcecode.c.h; name = PARTextFieldCollectionViewCell.h; path = Classes/PARTextFieldCollectionViewCell.h; sourceTree = "<group>"; };
		1C8102D21B6A999C00AC87B3 /* PARTextFieldCollectionViewCell.m */ = {isa = PBXFileReference; fileEncoding = 4; lastKnownFileType = sourcecode.c.objc; name = PARTextFieldCollectionViewCell.m; path = Classes/PARTextFieldCollectionViewCell.m; sourceTree = "<group>"; };
		1C8102D31B6A999C00AC87B3 /* PARTextFieldCollectionViewCell.xib */ = {isa = PBXFileReference; fileEncoding = 4; lastKnownFileType = file.xib; name = PARTextFieldCollectionViewCell.xib; path = Classes/PARTextFieldCollectionViewCell.xib; sourceTree = "<group>"; };
		1C8102D91B6A99AA00AC87B3 /* PARTagColorReference.h */ = {isa = PBXFileReference; fileEncoding = 4; lastKnownFileType = sourcecode.c.h; name = PARTagColorReference.h; path = Classes/PARTagColorReference.h; sourceTree = "<group>"; };
		1C8102DA1B6A99AA00AC87B3 /* PARTagColorReference.m */ = {isa = PBXFileReference; fileEncoding = 4; lastKnownFileType = sourcecode.c.objc; name = PARTagColorReference.m; path = Classes/PARTagColorReference.m; sourceTree = "<group>"; };
		1C8102DC1B6A99B700AC87B3 /* NSString+PARStrings.h */ = {isa = PBXFileReference; fileEncoding = 4; lastKnownFileType = sourcecode.c.h; name = "NSString+PARStrings.h"; path = "Classes/NSString+PARStrings.h"; sourceTree = "<group>"; };
		1C8102DD1B6A99B700AC87B3 /* NSString+PARStrings.m */ = {isa = PBXFileReference; fileEncoding = 4; lastKnownFileType = sourcecode.c.objc; name = "NSString+PARStrings.m"; path = "Classes/NSString+PARStrings.m"; sourceTree = "<group>"; };
		1C8102DE1B6A99B700AC87B3 /* UIView+NibInitable.h */ = {isa = PBXFileReference; fileEncoding = 4; lastKnownFileType = sourcecode.c.h; name = "UIView+NibInitable.h"; path = "Classes/UIView+NibInitable.h"; sourceTree = "<group>"; };
		1C8102DF1B6A99B700AC87B3 /* UIView+NibInitable.m */ = {isa = PBXFileReference; fileEncoding = 4; lastKnownFileType = sourcecode.c.objc; name = "UIView+NibInitable.m"; path = "Classes/UIView+NibInitable.m"; sourceTree = "<group>"; };
		1CF87EE91B5EED0E0007165E /* PARTagPicker.app */ = {isa = PBXFileReference; explicitFileType = wrapper.application; includeInIndex = 0; path = PARTagPicker.app; sourceTree = BUILT_PRODUCTS_DIR; };
		1CF87EED1B5EED0E0007165E /* Info.plist */ = {isa = PBXFileReference; lastKnownFileType = text.plist.xml; path = Info.plist; sourceTree = "<group>"; };
		1CF87EEE1B5EED0E0007165E /* main.m */ = {isa = PBXFileReference; lastKnownFileType = sourcecode.c.objc; path = main.m; sourceTree = "<group>"; };
		1CF87EF01B5EED0E0007165E /* AppDelegate.h */ = {isa = PBXFileReference; lastKnownFileType = sourcecode.c.h; path = AppDelegate.h; sourceTree = "<group>"; };
		1CF87EF11B5EED0E0007165E /* AppDelegate.m */ = {isa = PBXFileReference; lastKnownFileType = sourcecode.c.objc; path = AppDelegate.m; sourceTree = "<group>"; };
		1CF87EF31B5EED0E0007165E /* ViewController.h */ = {isa = PBXFileReference; lastKnownFileType = sourcecode.c.h; path = ViewController.h; sourceTree = "<group>"; };
		1CF87EF41B5EED0E0007165E /* ViewController.m */ = {isa = PBXFileReference; lastKnownFileType = sourcecode.c.objc; path = ViewController.m; sourceTree = "<group>"; };
		1CF87EF91B5EED0E0007165E /* Images.xcassets */ = {isa = PBXFileReference; lastKnownFileType = folder.assetcatalog; path = Images.xcassets; sourceTree = "<group>"; };
		1CF87EFC1B5EED0E0007165E /* Base */ = {isa = PBXFileReference; lastKnownFileType = file.xib; name = Base; path = Base.lproj/LaunchScreen.xib; sourceTree = "<group>"; };
		1CF87F021B5EED0E0007165E /* PARTagPickerTests.xctest */ = {isa = PBXFileReference; explicitFileType = wrapper.cfbundle; includeInIndex = 0; path = PARTagPickerTests.xctest; sourceTree = BUILT_PRODUCTS_DIR; };
		1CF87F071B5EED0E0007165E /* Info.plist */ = {isa = PBXFileReference; lastKnownFileType = text.plist.xml; path = Info.plist; sourceTree = "<group>"; };
		1CF87F081B5EED0E0007165E /* PARTagPickerTests.m */ = {isa = PBXFileReference; lastKnownFileType = sourcecode.c.objc; path = PARTagPickerTests.m; sourceTree = "<group>"; };
/* End PBXFileReference section */

/* Begin PBXFrameworksBuildPhase section */
		1CF87EE61B5EED0E0007165E /* Frameworks */ = {
			isa = PBXFrameworksBuildPhase;
			buildActionMask = 2147483647;
			files = (
			);
			runOnlyForDeploymentPostprocessing = 0;
		};
		1CF87EFF1B5EED0E0007165E /* Frameworks */ = {
			isa = PBXFrameworksBuildPhase;
			buildActionMask = 2147483647;
			files = (
			);
			runOnlyForDeploymentPostprocessing = 0;
		};
/* End PBXFrameworksBuildPhase section */

/* Begin PBXGroup section */
		1CF87EE01B5EED0E0007165E = {
			isa = PBXGroup;
			children = (
				1CF87EEB1B5EED0E0007165E /* PARTagPicker */,
				1CF87F051B5EED0E0007165E /* PARTagPickerTests */,
				1CF87EEA1B5EED0E0007165E /* Products */,
			);
			sourceTree = "<group>";
		};
		1CF87EEA1B5EED0E0007165E /* Products */ = {
			isa = PBXGroup;
			children = (
				1CF87EE91B5EED0E0007165E /* PARTagPicker.app */,
				1CF87F021B5EED0E0007165E /* PARTagPickerTests.xctest */,
			);
			name = Products;
			sourceTree = "<group>";
		};
		1CF87EEB1B5EED0E0007165E /* PARTagPicker */ = {
			isa = PBXGroup;
			children = (
				1CF87F211B5EEDA30007165E /* PARTagPicker */,
				1CF87EF01B5EED0E0007165E /* AppDelegate.h */,
				1CF87EF11B5EED0E0007165E /* AppDelegate.m */,
				1CF87EF31B5EED0E0007165E /* ViewController.h */,
				1CF87EF41B5EED0E0007165E /* ViewController.m */,
				1C8102C21B6A8BD900AC87B3 /* ViewController.xib */,
				1CF87EF91B5EED0E0007165E /* Images.xcassets */,
				1CF87EFB1B5EED0E0007165E /* LaunchScreen.xib */,
				1CF87EEC1B5EED0E0007165E /* Supporting Files */,
			);
			path = PARTagPicker;
			sourceTree = "<group>";
		};
		1CF87EEC1B5EED0E0007165E /* Supporting Files */ = {
			isa = PBXGroup;
			children = (
				1CF87EED1B5EED0E0007165E /* Info.plist */,
				1CF87EEE1B5EED0E0007165E /* main.m */,
			);
			name = "Supporting Files";
			sourceTree = "<group>";
		};
		1CF87F051B5EED0E0007165E /* PARTagPickerTests */ = {
			isa = PBXGroup;
			children = (
				1CF87F081B5EED0E0007165E /* PARTagPickerTests.m */,
				1CF87F061B5EED0E0007165E /* Supporting Files */,
			);
			path = PARTagPickerTests;
			sourceTree = "<group>";
		};
		1CF87F061B5EED0E0007165E /* Supporting Files */ = {
			isa = PBXGroup;
			children = (
				1CF87F071B5EED0E0007165E /* Info.plist */,
			);
			name = "Supporting Files";
			sourceTree = "<group>";
		};
		1CF87F211B5EEDA30007165E /* PARTagPicker */ = {
			isa = PBXGroup;
			children = (
				1C8102C71B6A998500AC87B3 /* PARTagPickerViewController.h */,
				1C8102C81B6A998500AC87B3 /* PARTagPickerViewController.m */,
				1C8102C91B6A998500AC87B3 /* PARTagPickerViewController.xib */,
				1CF87F321B5FBFF90007165E /* Views */,
				1CF87F331B5FC0050007165E /* Custom Objects */,
				1CF87F311B5FBFE20007165E /* Categories */,
			);
			name = PARTagPicker;
			sourceTree = "<group>";
		};
		1CF87F311B5FBFE20007165E /* Categories */ = {
			isa = PBXGroup;
			children = (
				1C8102DC1B6A99B700AC87B3 /* NSString+PARStrings.h */,
				1C8102DD1B6A99B700AC87B3 /* NSString+PARStrings.m */,
				1C8102DE1B6A99B700AC87B3 /* UIView+NibInitable.h */,
				1C8102DF1B6A99B700AC87B3 /* UIView+NibInitable.m */,
			);
			name = Categories;
			sourceTree = "<group>";
		};
		1CF87F321B5FBFF90007165E /* Views */ = {
			isa = PBXGroup;
			children = (
				1C8102CC1B6A999C00AC87B3 /* PARBackspaceTextField.h */,
				1C8102CD1B6A999C00AC87B3 /* PARBackspaceTextField.m */,
				1C8102CE1B6A999C00AC87B3 /* PARTagCollectionViewCell.h */,
				1C8102CF1B6A999C00AC87B3 /* PARTagCollectionViewCell.m */,
				1C8102D01B6A999C00AC87B3 /* PARTagCollectionViewCell.xib */,
				1C8102D11B6A999C00AC87B3 /* PARTextFieldCollectionViewCell.h */,
				1C8102D21B6A999C00AC87B3 /* PARTextFieldCollectionViewCell.m */,
				1C8102D31B6A999C00AC87B3 /* PARTextFieldCollectionViewCell.xib */,
			);
			name = Views;
			sourceTree = "<group>";
		};
		1CF87F331B5FC0050007165E /* Custom Objects */ = {
			isa = PBXGroup;
			children = (
				1C8102D91B6A99AA00AC87B3 /* PARTagColorReference.h */,
				1C8102DA1B6A99AA00AC87B3 /* PARTagColorReference.m */,
			);
			name = "Custom Objects";
			sourceTree = "<group>";
		};
/* End PBXGroup section */

/* Begin PBXNativeTarget section */
		1CF87EE81B5EED0E0007165E /* PARTagPicker */ = {
			isa = PBXNativeTarget;
			buildConfigurationList = 1CF87F0C1B5EED0E0007165E /* Build configuration list for PBXNativeTarget "PARTagPicker" */;
			buildPhases = (
				1CF87EE51B5EED0E0007165E /* Sources */,
				1CF87EE61B5EED0E0007165E /* Frameworks */,
				1CF87EE71B5EED0E0007165E /* Resources */,
			);
			buildRules = (
			);
			dependencies = (
			);
			name = PARTagPicker;
			productName = PARTagPicker;
			productReference = 1CF87EE91B5EED0E0007165E /* PARTagPicker.app */;
			productType = "com.apple.product-type.application";
		};
		1CF87F011B5EED0E0007165E /* PARTagPickerTests */ = {
			isa = PBXNativeTarget;
			buildConfigurationList = 1CF87F0F1B5EED0E0007165E /* Build configuration list for PBXNativeTarget "PARTagPickerTests" */;
			buildPhases = (
				1CF87EFE1B5EED0E0007165E /* Sources */,
				1CF87EFF1B5EED0E0007165E /* Frameworks */,
				1CF87F001B5EED0E0007165E /* Resources */,
			);
			buildRules = (
			);
			dependencies = (
				1CF87F041B5EED0E0007165E /* PBXTargetDependency */,
			);
			name = PARTagPickerTests;
			productName = PARTagPickerTests;
			productReference = 1CF87F021B5EED0E0007165E /* PARTagPickerTests.xctest */;
			productType = "com.apple.product-type.bundle.unit-test";
		};
/* End PBXNativeTarget section */

/* Begin PBXProject section */
		1CF87EE11B5EED0E0007165E /* Project object */ = {
			isa = PBXProject;
			attributes = {
				LastUpgradeCheck = 0640;
				ORGANIZATIONNAME = "Paul Rolfe";
				TargetAttributes = {
					1CF87EE81B5EED0E0007165E = {
						CreatedOnToolsVersion = 6.4;
					};
					1CF87F011B5EED0E0007165E = {
						CreatedOnToolsVersion = 6.4;
						TestTargetID = 1CF87EE81B5EED0E0007165E;
					};
				};
			};
			buildConfigurationList = 1CF87EE41B5EED0E0007165E /* Build configuration list for PBXProject "PARTagPicker" */;
			compatibilityVersion = "Xcode 3.2";
			developmentRegion = English;
			hasScannedForEncodings = 0;
			knownRegions = (
				en,
				Base,
			);
			mainGroup = 1CF87EE01B5EED0E0007165E;
			productRefGroup = 1CF87EEA1B5EED0E0007165E /* Products */;
			projectDirPath = "";
			projectRoot = "";
			targets = (
				1CF87EE81B5EED0E0007165E /* PARTagPicker */,
				1CF87F011B5EED0E0007165E /* PARTagPickerTests */,
			);
		};
/* End PBXProject section */

/* Begin PBXResourcesBuildPhase section */
		1CF87EE71B5EED0E0007165E /* Resources */ = {
			isa = PBXResourcesBuildPhase;
			buildActionMask = 2147483647;
			files = (
				1C8102D81B6A999C00AC87B3 /* PARTextFieldCollectionViewCell.xib in Resources */,
				1CF87EFD1B5EED0E0007165E /* LaunchScreen.xib in Resources */,
				1C8102D61B6A999C00AC87B3 /* PARTagCollectionViewCell.xib in Resources */,
				1C8102CB1B6A998500AC87B3 /* PARTagPickerViewController.xib in Resources */,
				1CF87EFA1B5EED0E0007165E /* Images.xcassets in Resources */,
				1C8102C31B6A8BD900AC87B3 /* ViewController.xib in Resources */,
			);
			runOnlyForDeploymentPostprocessing = 0;
		};
		1CF87F001B5EED0E0007165E /* Resources */ = {
			isa = PBXResourcesBuildPhase;
			buildActionMask = 2147483647;
			files = (
			);
			runOnlyForDeploymentPostprocessing = 0;
		};
/* End PBXResourcesBuildPhase section */

/* Begin PBXSourcesBuildPhase section */
		1CF87EE51B5EED0E0007165E /* Sources */ = {
			isa = PBXSourcesBuildPhase;
			buildActionMask = 2147483647;
			files = (
				1C8102E11B6A99B700AC87B3 /* UIView+NibInitable.m in Sources */,
				1C8102DB1B6A99AA00AC87B3 /* PARTagColorReference.m in Sources */,
				1C8102D71B6A999C00AC87B3 /* PARTextFieldCollectionViewCell.m in Sources */,
				1C8102D41B6A999C00AC87B3 /* PARBackspaceTextField.m in Sources */,
				1C8102CA1B6A998500AC87B3 /* PARTagPickerViewController.m in Sources */,
				1CF87EF51B5EED0E0007165E /* ViewController.m in Sources */,
				1C8102E01B6A99B700AC87B3 /* NSString+PARStrings.m in Sources */,
				1CF87EF21B5EED0E0007165E /* AppDelegate.m in Sources */,
				1C8102D51B6A999C00AC87B3 /* PARTagCollectionViewCell.m in Sources */,
				1CF87EEF1B5EED0E0007165E /* main.m in Sources */,
			);
			runOnlyForDeploymentPostprocessing = 0;
		};
		1CF87EFE1B5EED0E0007165E /* Sources */ = {
			isa = PBXSourcesBuildPhase;
			buildActionMask = 2147483647;
			files = (
				1CF87F091B5EED0E0007165E /* PARTagPickerTests.m in Sources */,
			);
			runOnlyForDeploymentPostprocessing = 0;
		};
/* End PBXSourcesBuildPhase section */

/* Begin PBXTargetDependency section */
		1CF87F041B5EED0E0007165E /* PBXTargetDependency */ = {
			isa = PBXTargetDependency;
			target = 1CF87EE81B5EED0E0007165E /* PARTagPicker */;
			targetProxy = 1CF87F031B5EED0E0007165E /* PBXContainerItemProxy */;
		};
/* End PBXTargetDependency section */

/* Begin PBXVariantGroup section */
		1CF87EFB1B5EED0E0007165E /* LaunchScreen.xib */ = {
			isa = PBXVariantGroup;
			children = (
				1CF87EFC1B5EED0E0007165E /* Base */,
			);
			name = LaunchScreen.xib;
			sourceTree = "<group>";
		};
/* End PBXVariantGroup section */

/* Begin XCBuildConfiguration section */
		1CF87F0A1B5EED0E0007165E /* Debug */ = {
			isa = XCBuildConfiguration;
			buildSettings = {
				ALWAYS_SEARCH_USER_PATHS = NO;
				CLANG_CXX_LANGUAGE_STANDARD = "gnu++0x";
				CLANG_CXX_LIBRARY = "libc++";
				CLANG_ENABLE_MODULES = YES;
				CLANG_ENABLE_OBJC_ARC = YES;
				CLANG_WARN_BOOL_CONVERSION = YES;
				CLANG_WARN_CONSTANT_CONVERSION = YES;
				CLANG_WARN_DIRECT_OBJC_ISA_USAGE = YES_ERROR;
				CLANG_WARN_EMPTY_BODY = YES;
				CLANG_WARN_ENUM_CONVERSION = YES;
				CLANG_WARN_INT_CONVERSION = YES;
				CLANG_WARN_OBJC_ROOT_CLASS = YES_ERROR;
				CLANG_WARN_UNREACHABLE_CODE = YES;
				CLANG_WARN__DUPLICATE_METHOD_MATCH = YES;
				"CODE_SIGN_IDENTITY[sdk=iphoneos*]" = "iPhone Developer";
				COPY_PHASE_STRIP = NO;
				DEBUG_INFORMATION_FORMAT = "dwarf-with-dsym";
				ENABLE_STRICT_OBJC_MSGSEND = YES;
				GCC_C_LANGUAGE_STANDARD = gnu99;
				GCC_DYNAMIC_NO_PIC = NO;
				GCC_NO_COMMON_BLOCKS = YES;
				GCC_OPTIMIZATION_LEVEL = 0;
				GCC_PREPROCESSOR_DEFINITIONS = (
					"DEBUG=1",
					"$(inherited)",
				);
				GCC_SYMBOLS_PRIVATE_EXTERN = NO;
				GCC_WARN_64_TO_32_BIT_CONVERSION = YES;
				GCC_WARN_ABOUT_RETURN_TYPE = YES_ERROR;
				GCC_WARN_UNDECLARED_SELECTOR = YES;
				GCC_WARN_UNINITIALIZED_AUTOS = YES_AGGRESSIVE;
				GCC_WARN_UNUSED_FUNCTION = YES;
				GCC_WARN_UNUSED_VARIABLE = YES;
				IPHONEOS_DEPLOYMENT_TARGET = 8.4;
				MTL_ENABLE_DEBUG_INFO = YES;
				ONLY_ACTIVE_ARCH = YES;
				SDKROOT = iphoneos;
				TARGETED_DEVICE_FAMILY = "1,2";
			};
			name = Debug;
		};
		1CF87F0B1B5EED0E0007165E /* Release */ = {
			isa = XCBuildConfiguration;
			buildSettings = {
				ALWAYS_SEARCH_USER_PATHS = NO;
				CLANG_CXX_LANGUAGE_STANDARD = "gnu++0x";
				CLANG_CXX_LIBRARY = "libc++";
				CLANG_ENABLE_MODULES = YES;
				CLANG_ENABLE_OBJC_ARC = YES;
				CLANG_WARN_BOOL_CONVERSION = YES;
				CLANG_WARN_CONSTANT_CONVERSION = YES;
				CLANG_WARN_DIRECT_OBJC_ISA_USAGE = YES_ERROR;
				CLANG_WARN_EMPTY_BODY = YES;
				CLANG_WARN_ENUM_CONVERSION = YES;
				CLANG_WARN_INT_CONVERSION = YES;
				CLANG_WARN_OBJC_ROOT_CLASS = YES_ERROR;
				CLANG_WARN_UNREACHABLE_CODE = YES;
				CLANG_WARN__DUPLICATE_METHOD_MATCH = YES;
				"CODE_SIGN_IDENTITY[sdk=iphoneos*]" = "iPhone Developer";
				COPY_PHASE_STRIP = NO;
				DEBUG_INFORMATION_FORMAT = "dwarf-with-dsym";
				ENABLE_NS_ASSERTIONS = NO;
				ENABLE_STRICT_OBJC_MSGSEND = YES;
				GCC_C_LANGUAGE_STANDARD = gnu99;
				GCC_NO_COMMON_BLOCKS = YES;
				GCC_WARN_64_TO_32_BIT_CONVERSION = YES;
				GCC_WARN_ABOUT_RETURN_TYPE = YES_ERROR;
				GCC_WARN_UNDECLARED_SELECTOR = YES;
				GCC_WARN_UNINITIALIZED_AUTOS = YES_AGGRESSIVE;
				GCC_WARN_UNUSED_FUNCTION = YES;
				GCC_WARN_UNUSED_VARIABLE = YES;
				IPHONEOS_DEPLOYMENT_TARGET = 8.4;
				MTL_ENABLE_DEBUG_INFO = NO;
				SDKROOT = iphoneos;
				TARGETED_DEVICE_FAMILY = "1,2";
				VALIDATE_PRODUCT = YES;
			};
			name = Release;
		};
		1CF87F0D1B5EED0E0007165E /* Debug */ = {
			isa = XCBuildConfiguration;
			buildSettings = {
				ASSETCATALOG_COMPILER_APPICON_NAME = AppIcon;
				INFOPLIST_FILE = PARTagPicker/Info.plist;
				LD_RUNPATH_SEARCH_PATHS = "$(inherited) @executable_path/Frameworks";
				PRODUCT_NAME = "$(TARGET_NAME)";
			};
			name = Debug;
		};
		1CF87F0E1B5EED0E0007165E /* Release */ = {
			isa = XCBuildConfiguration;
			buildSettings = {
				ASSETCATALOG_COMPILER_APPICON_NAME = AppIcon;
				INFOPLIST_FILE = PARTagPicker/Info.plist;
				LD_RUNPATH_SEARCH_PATHS = "$(inherited) @executable_path/Frameworks";
				PRODUCT_NAME = "$(TARGET_NAME)";
			};
			name = Release;
		};
		1CF87F101B5EED0E0007165E /* Debug */ = {
			isa = XCBuildConfiguration;
			buildSettings = {
				BUNDLE_LOADER = "$(TEST_HOST)";
				FRAMEWORK_SEARCH_PATHS = (
					"$(SDKROOT)/Developer/Library/Frameworks",
					"$(inherited)",
				);
				GCC_PREPROCESSOR_DEFINITIONS = (
					"DEBUG=1",
					"$(inherited)",
				);
				INFOPLIST_FILE = PARTagPickerTests/Info.plist;
				LD_RUNPATH_SEARCH_PATHS = "$(inherited) @executable_path/Frameworks @loader_path/Frameworks";
				PRODUCT_NAME = "$(TARGET_NAME)";
				TEST_HOST = "$(BUILT_PRODUCTS_DIR)/PARTagPicker.app/PARTagPicker";
			};
			name = Debug;
		};
		1CF87F111B5EED0E0007165E /* Release */ = {
			isa = XCBuildConfiguration;
			buildSettings = {
				BUNDLE_LOADER = "$(TEST_HOST)";
				FRAMEWORK_SEARCH_PATHS = (
					"$(SDKROOT)/Developer/Library/Frameworks",
					"$(inherited)",
				);
				INFOPLIST_FILE = PARTagPickerTests/Info.plist;
				LD_RUNPATH_SEARCH_PATHS = "$(inherited) @executable_path/Frameworks @loader_path/Frameworks";
				PRODUCT_NAME = "$(TARGET_NAME)";
				TEST_HOST = "$(BUILT_PRODUCTS_DIR)/PARTagPicker.app/PARTagPicker";
			};
			name = Release;
		};
/* End XCBuildConfiguration section */

/* Begin XCConfigurationList section */
		1CF87EE41B5EED0E0007165E /* Build configuration list for PBXProject "PARTagPicker" */ = {
			isa = XCConfigurationList;
			buildConfigurations = (
				1CF87F0A1B5EED0E0007165E /* Debug */,
				1CF87F0B1B5EED0E0007165E /* Release */,
			);
			defaultConfigurationIsVisible = 0;
			defaultConfigurationName = Release;
		};
		1CF87F0C1B5EED0E0007165E /* Build configuration list for PBXNativeTarget "PARTagPicker" */ = {
			isa = XCConfigurationList;
			buildConfigurations = (
				1CF87F0D1B5EED0E0007165E /* Debug */,
				1CF87F0E1B5EED0E0007165E /* Release */,
			);
			defaultConfigurationIsVisible = 0;
			defaultConfigurationName = Release;
		};
		1CF87F0F1B5EED0E0007165E /* Build configuration list for PBXNativeTarget "PARTagPickerTests" */ = {
			isa = XCConfigurationList;
			buildConfigurations = (
				1CF87F101B5EED0E0007165E /* Debug */,
				1CF87F111B5EED0E0007165E /* Release */,
			);
			defaultConfigurationIsVisible = 0;
			defaultConfigurationName = Release;
		};
/* End XCConfigurationList section */
	};
	rootObject = 1CF87EE11B5EED0E0007165E /* Project object */;
}
